
Microsoft Visual Studio Solution File, Format Version 12.00
# Visual Studio 2012
Project("{2150E333-8FDC-42A3-9474-1A3956D46DE8}") = "Tests", "Tests", "{BF324B56-D46F-4488-ADEB-B2A2ECA104C5}"
EndProject
Project("{FAE04EC0-301F-11D3-BF4B-00C04F79EFBC}") = "Domain.Services.Contracts", "Domain.Services.Contracts\Domain.Services.Contracts.csproj", "{0D756381-BCCF-497C-9EC2-A4EE02B860BA}"
EndProject
Project("{FAE04EC0-301F-11D3-BF4B-00C04F79EFBC}") = "Domain.Services", "Domain.Services\Domain.Services.csproj", "{ABF96C6A-E52D-4E85-86DF-25A41D13AD00}"
EndProject
Project("{FAE04EC0-301F-11D3-BF4B-00C04F79EFBC}") = "Data.Services.Contracts", "Data.Services.Contracts\Data.Services.Contracts.csproj", "{A2706A11-E214-43ED-A4B0-AD353DA2FEEB}"
EndProject
Project("{2150E333-8FDC-42A3-9474-1A3956D46DE8}") = "1.- Data", "1.- Data", "{7200E2FA-9697-49CA-9194-83DAE740E987}"
EndProject
Project("{2150E333-8FDC-42A3-9474-1A3956D46DE8}") = "2.- Domain", "2.- Domain", "{A3DB8FEE-6A30-4011-808B-C83EB7CA05E2}"
EndProject
Project("{2150E333-8FDC-42A3-9474-1A3956D46DE8}") = "4.- UI", "4.- UI", "{56BDE3EC-5D89-454B-AC40-C7FF10E1DEF4}"
EndProject
Project("{2150E333-8FDC-42A3-9474-1A3956D46DE8}") = "3.- Infrastructure", "3.- Infrastructure", "{9691CDB2-4C97-47E1-A268-A6A21347C693}"
EndProject
Project("{FAE04EC0-301F-11D3-BF4B-00C04F79EFBC}") = "Domain.Services.UnitTests", "Domain.Services.UnitTests\Domain.Services.UnitTests.csproj", "{C76DBCC6-654E-4F04-8C5D-15285003BAF2}"
EndProject
Project("{2150E333-8FDC-42A3-9474-1A3956D46DE8}") = "0.- Solution Items", "0.- Solution Items", "{D6116ACB-EFDF-482A-908E-CFC377FD2524}"
	ProjectSection(SolutionItems) = preProject
		CommonAssemblyInfo.cs = CommonAssemblyInfo.cs
	EndProjectSection
EndProject
Project("{FAE04EC0-301F-11D3-BF4B-00C04F79EFBC}") = "Data.Services.PetaPoco", "Data.Services.PetaPoco\Data.Services.PetaPoco.csproj", "{9B163A16-287E-47DF-ADD0-4EE90B15C8F7}"
EndProject
Project("{FAE04EC0-301F-11D3-BF4B-00C04F79EFBC}") = "Data.Services.PetaPoco.IntegrationTests", "Data.Services.PetaPoco.IntegrationTests\Data.Services.PetaPoco.IntegrationTests.csproj", "{58D5E967-C8BB-4CAD-841E-C5DFCC55BD63}"
EndProject
Project("{FAE04EC0-301F-11D3-BF4B-00C04F79EFBC}") = "UI", "UI\UI.csproj", "{2ED422A3-C20E-4C2B-AFAA-6C83B68F5D8B}"
EndProject
Project("{FAE04EC0-301F-11D3-BF4B-00C04F79EFBC}") = "UI.UnitTests", "UI.UnitTests\UI.UnitTests.csproj", "{7932DF8B-37B5-418A-9539-7C15A863FE41}"
EndProject
Project("{FAE04EC0-301F-11D3-BF4B-00C04F79EFBC}") = "Infrastructure.Services", "Infrastructure.Services\Infrastructure.Services.csproj", "{D3BD6C09-0857-4506-A14F-BB0C3653CC14}"
EndProject
Project("{FAE04EC0-301F-11D3-BF4B-00C04F79EFBC}") = "Infrastructure.Services.Contracts", "Infrastructure.Services.Contracts\Infrastructure.Services.Contracts.csproj", "{43600CE6-5918-49EA-B9D8-113BF8DE0CF3}"
EndProject
Project("{FAE04EC0-301F-11D3-BF4B-00C04F79EFBC}") = "Infrastructure.IoC", "Infrastructure.IoC\Infrastructure.IoC.csproj", "{AF11DEC1-1635-4C86-81B8-21303C08BD78}"
EndProject
Project("{FAE04EC0-301F-11D3-BF4B-00C04F79EFBC}") = "Domain.Entities", "Domain.Entities\Domain.Entities.csproj", "{49775F2B-4CEB-4DDB-B4D3-FE944BE7E8EB}"
EndProject
Project("{FAE04EC0-301F-11D3-BF4B-00C04F79EFBC}") = "Domain.Entities.UnitTests", "Domain.Entities.UnitTests\Domain.Entities.UnitTests.csproj", "{FC93ECFF-703A-4BD0-B40C-3AB2076E8BAA}"
EndProject
Project("{FAE04EC0-301F-11D3-BF4B-00C04F79EFBC}") = "Data.Services.PetaPoco.UnitTests", "Data.Services.PetaPoco.UnitTests\Data.Services.PetaPoco.UnitTests.csproj", "{F3350EC7-C8A7-4CDA-A6B3-CE850B95966C}"
EndProject
Project("{FAE04EC0-301F-11D3-BF4B-00C04F79EFBC}") = "Infrastructure.Services.UnitTests", "Infrastructure.Services.UnitTests\Infrastructure.Services.UnitTests.csproj", "{D6DC6EB0-BDD2-43FC-8D38-85818C4D3A61}"
EndProject
Project("{FAE04EC0-301F-11D3-BF4B-00C04F79EFBC}") = "UI.Test", "UI.Test\UI.Test.csproj", "{05F29EF5-570E-4948-9472-19930B390B64}"
EndProject
Global
	GlobalSection(SolutionConfigurationPlatforms) = preSolution
		BuilPre|Any CPU = BuilPre|Any CPU
		BuilPro|Any CPU = BuilPro|Any CPU
		Debug|Any CPU = Debug|Any CPU
		DevPro|Any CPU = DevPro|Any CPU
		Release|Any CPU = Release|Any CPU
	EndGlobalSection
	GlobalSection(ProjectConfigurationPlatforms) = postSolution
		{0D756381-BCCF-497C-9EC2-A4EE02B860BA}.BuilPre|Any CPU.ActiveCfg = Release|Any CPU
		{0D756381-BCCF-497C-9EC2-A4EE02B860BA}.BuilPre|Any CPU.Build.0 = Release|Any CPU
		{0D756381-BCCF-497C-9EC2-A4EE02B860BA}.BuilPro|Any CPU.ActiveCfg = Release|Any CPU
		{0D756381-BCCF-497C-9EC2-A4EE02B860BA}.BuilPro|Any CPU.Build.0 = Release|Any CPU
		{0D756381-BCCF-497C-9EC2-A4EE02B860BA}.Debug|Any CPU.ActiveCfg = Debug|Any CPU
		{0D756381-BCCF-497C-9EC2-A4EE02B860BA}.Debug|Any CPU.Build.0 = Debug|Any CPU
		{0D756381-BCCF-497C-9EC2-A4EE02B860BA}.DevPro|Any CPU.ActiveCfg = Debug|Any CPU
		{0D756381-BCCF-497C-9EC2-A4EE02B860BA}.DevPro|Any CPU.Build.0 = Debug|Any CPU
		{0D756381-BCCF-497C-9EC2-A4EE02B860BA}.Release|Any CPU.ActiveCfg = Release|Any CPU
		{0D756381-BCCF-497C-9EC2-A4EE02B860BA}.Release|Any CPU.Build.0 = Release|Any CPU
		{ABF96C6A-E52D-4E85-86DF-25A41D13AD00}.BuilPre|Any CPU.ActiveCfg = Release|Any CPU
		{ABF96C6A-E52D-4E85-86DF-25A41D13AD00}.BuilPre|Any CPU.Build.0 = Release|Any CPU
		{ABF96C6A-E52D-4E85-86DF-25A41D13AD00}.BuilPro|Any CPU.ActiveCfg = Release|Any CPU
		{ABF96C6A-E52D-4E85-86DF-25A41D13AD00}.BuilPro|Any CPU.Build.0 = Release|Any CPU
		{ABF96C6A-E52D-4E85-86DF-25A41D13AD00}.Debug|Any CPU.ActiveCfg = Debug|Any CPU
		{ABF96C6A-E52D-4E85-86DF-25A41D13AD00}.Debug|Any CPU.Build.0 = Debug|Any CPU
		{ABF96C6A-E52D-4E85-86DF-25A41D13AD00}.DevPro|Any CPU.ActiveCfg = Debug|Any CPU
		{ABF96C6A-E52D-4E85-86DF-25A41D13AD00}.DevPro|Any CPU.Build.0 = Debug|Any CPU
		{ABF96C6A-E52D-4E85-86DF-25A41D13AD00}.Release|Any CPU.ActiveCfg = Release|Any CPU
		{ABF96C6A-E52D-4E85-86DF-25A41D13AD00}.Release|Any CPU.Build.0 = Release|Any CPU
		{A2706A11-E214-43ED-A4B0-AD353DA2FEEB}.BuilPre|Any CPU.ActiveCfg = Release|Any CPU
		{A2706A11-E214-43ED-A4B0-AD353DA2FEEB}.BuilPre|Any CPU.Build.0 = Release|Any CPU
		{A2706A11-E214-43ED-A4B0-AD353DA2FEEB}.BuilPro|Any CPU.ActiveCfg = Release|Any CPU
		{A2706A11-E214-43ED-A4B0-AD353DA2FEEB}.BuilPro|Any CPU.Build.0 = Release|Any CPU
		{A2706A11-E214-43ED-A4B0-AD353DA2FEEB}.Debug|Any CPU.ActiveCfg = Debug|Any CPU
		{A2706A11-E214-43ED-A4B0-AD353DA2FEEB}.Debug|Any CPU.Build.0 = Debug|Any CPU
		{A2706A11-E214-43ED-A4B0-AD353DA2FEEB}.DevPro|Any CPU.ActiveCfg = Debug|Any CPU
		{A2706A11-E214-43ED-A4B0-AD353DA2FEEB}.DevPro|Any CPU.Build.0 = Debug|Any CPU
		{A2706A11-E214-43ED-A4B0-AD353DA2FEEB}.Release|Any CPU.ActiveCfg = Release|Any CPU
		{A2706A11-E214-43ED-A4B0-AD353DA2FEEB}.Release|Any CPU.Build.0 = Release|Any CPU
		{C76DBCC6-654E-4F04-8C5D-15285003BAF2}.BuilPre|Any CPU.ActiveCfg = BuilPre|Any CPU
		{C76DBCC6-654E-4F04-8C5D-15285003BAF2}.BuilPre|Any CPU.Build.0 = BuilPre|Any CPU
		{C76DBCC6-654E-4F04-8C5D-15285003BAF2}.BuilPro|Any CPU.ActiveCfg = BuilPro|Any CPU
		{C76DBCC6-654E-4F04-8C5D-15285003BAF2}.BuilPro|Any CPU.Build.0 = BuilPro|Any CPU
		{C76DBCC6-654E-4F04-8C5D-15285003BAF2}.Debug|Any CPU.ActiveCfg = Debug|Any CPU
		{C76DBCC6-654E-4F04-8C5D-15285003BAF2}.Debug|Any CPU.Build.0 = Debug|Any CPU
		{C76DBCC6-654E-4F04-8C5D-15285003BAF2}.DevPro|Any CPU.ActiveCfg = DevPro|Any CPU
		{C76DBCC6-654E-4F04-8C5D-15285003BAF2}.DevPro|Any CPU.Build.0 = DevPro|Any CPU
		{C76DBCC6-654E-4F04-8C5D-15285003BAF2}.Release|Any CPU.ActiveCfg = Release|Any CPU
		{C76DBCC6-654E-4F04-8C5D-15285003BAF2}.Release|Any CPU.Build.0 = Release|Any CPU
		{9B163A16-287E-47DF-ADD0-4EE90B15C8F7}.BuilPre|Any CPU.ActiveCfg = Release|Any CPU
		{9B163A16-287E-47DF-ADD0-4EE90B15C8F7}.BuilPre|Any CPU.Build.0 = Release|Any CPU
		{9B163A16-287E-47DF-ADD0-4EE90B15C8F7}.BuilPro|Any CPU.ActiveCfg = Release|Any CPU
		{9B163A16-287E-47DF-ADD0-4EE90B15C8F7}.BuilPro|Any CPU.Build.0 = Release|Any CPU
		{9B163A16-287E-47DF-ADD0-4EE90B15C8F7}.Debug|Any CPU.ActiveCfg = Debug|Any CPU
		{9B163A16-287E-47DF-ADD0-4EE90B15C8F7}.Debug|Any CPU.Build.0 = Debug|Any CPU
		{9B163A16-287E-47DF-ADD0-4EE90B15C8F7}.DevPro|Any CPU.ActiveCfg = Debug|Any CPU
		{9B163A16-287E-47DF-ADD0-4EE90B15C8F7}.DevPro|Any CPU.Build.0 = Debug|Any CPU
		{9B163A16-287E-47DF-ADD0-4EE90B15C8F7}.Release|Any CPU.ActiveCfg = Release|Any CPU
		{9B163A16-287E-47DF-ADD0-4EE90B15C8F7}.Release|Any CPU.Build.0 = Release|Any CPU
		{58D5E967-C8BB-4CAD-841E-C5DFCC55BD63}.BuilPre|Any CPU.ActiveCfg = BuilPre|Any CPU
		{58D5E967-C8BB-4CAD-841E-C5DFCC55BD63}.BuilPre|Any CPU.Build.0 = BuilPre|Any CPU
		{58D5E967-C8BB-4CAD-841E-C5DFCC55BD63}.BuilPro|Any CPU.ActiveCfg = BuilPro|Any CPU
		{58D5E967-C8BB-4CAD-841E-C5DFCC55BD63}.BuilPro|Any CPU.Build.0 = BuilPro|Any CPU
		{58D5E967-C8BB-4CAD-841E-C5DFCC55BD63}.Debug|Any CPU.ActiveCfg = Debug|Any CPU
		{58D5E967-C8BB-4CAD-841E-C5DFCC55BD63}.Debug|Any CPU.Build.0 = Debug|Any CPU
		{58D5E967-C8BB-4CAD-841E-C5DFCC55BD63}.DevPro|Any CPU.ActiveCfg = DevPro|Any CPU
		{58D5E967-C8BB-4CAD-841E-C5DFCC55BD63}.DevPro|Any CPU.Build.0 = DevPro|Any CPU
		{58D5E967-C8BB-4CAD-841E-C5DFCC55BD63}.Release|Any CPU.ActiveCfg = Release|Any CPU
		{58D5E967-C8BB-4CAD-841E-C5DFCC55BD63}.Release|Any CPU.Build.0 = Release|Any CPU
		{2ED422A3-C20E-4C2B-AFAA-6C83B68F5D8B}.BuilPre|Any CPU.ActiveCfg = Release|Any CPU
		{2ED422A3-C20E-4C2B-AFAA-6C83B68F5D8B}.BuilPre|Any CPU.Build.0 = Release|Any CPU
		{2ED422A3-C20E-4C2B-AFAA-6C83B68F5D8B}.BuilPro|Any CPU.ActiveCfg = Release|Any CPU
		{2ED422A3-C20E-4C2B-AFAA-6C83B68F5D8B}.BuilPro|Any CPU.Build.0 = Release|Any CPU
		{2ED422A3-C20E-4C2B-AFAA-6C83B68F5D8B}.Debug|Any CPU.ActiveCfg = Debug|Any CPU
		{2ED422A3-C20E-4C2B-AFAA-6C83B68F5D8B}.Debug|Any CPU.Build.0 = Debug|Any CPU
		{2ED422A3-C20E-4C2B-AFAA-6C83B68F5D8B}.DevPro|Any CPU.ActiveCfg = Debug|Any CPU
		{2ED422A3-C20E-4C2B-AFAA-6C83B68F5D8B}.DevPro|Any CPU.Build.0 = Debug|Any CPU
		{2ED422A3-C20E-4C2B-AFAA-6C83B68F5D8B}.Release|Any CPU.ActiveCfg = Release|Any CPU
		{2ED422A3-C20E-4C2B-AFAA-6C83B68F5D8B}.Release|Any CPU.Build.0 = Release|Any CPU
		{7932DF8B-37B5-418A-9539-7C15A863FE41}.BuilPre|Any CPU.ActiveCfg = BuilPre|Any CPU
		{7932DF8B-37B5-418A-9539-7C15A863FE41}.BuilPre|Any CPU.Build.0 = BuilPre|Any CPU
		{7932DF8B-37B5-418A-9539-7C15A863FE41}.BuilPro|Any CPU.ActiveCfg = BuilPro|Any CPU
		{7932DF8B-37B5-418A-9539-7C15A863FE41}.BuilPro|Any CPU.Build.0 = BuilPro|Any CPU
		{7932DF8B-37B5-418A-9539-7C15A863FE41}.Debug|Any CPU.ActiveCfg = Debug|Any CPU
		{7932DF8B-37B5-418A-9539-7C15A863FE41}.Debug|Any CPU.Build.0 = Debug|Any CPU
		{7932DF8B-37B5-418A-9539-7C15A863FE41}.DevPro|Any CPU.ActiveCfg = DevPro|Any CPU
		{7932DF8B-37B5-418A-9539-7C15A863FE41}.DevPro|Any CPU.Build.0 = DevPro|Any CPU
		{7932DF8B-37B5-418A-9539-7C15A863FE41}.Release|Any CPU.ActiveCfg = Release|Any CPU
		{7932DF8B-37B5-418A-9539-7C15A863FE41}.Release|Any CPU.Build.0 = Release|Any CPU
		{D3BD6C09-0857-4506-A14F-BB0C3653CC14}.BuilPre|Any CPU.ActiveCfg = Release|Any CPU
		{D3BD6C09-0857-4506-A14F-BB0C3653CC14}.BuilPre|Any CPU.Build.0 = Release|Any CPU
		{D3BD6C09-0857-4506-A14F-BB0C3653CC14}.BuilPro|Any CPU.ActiveCfg = Release|Any CPU
		{D3BD6C09-0857-4506-A14F-BB0C3653CC14}.BuilPro|Any CPU.Build.0 = Release|Any CPU
		{D3BD6C09-0857-4506-A14F-BB0C3653CC14}.Debug|Any CPU.ActiveCfg = Debug|Any CPU
		{D3BD6C09-0857-4506-A14F-BB0C3653CC14}.Debug|Any CPU.Build.0 = Debug|Any CPU
		{D3BD6C09-0857-4506-A14F-BB0C3653CC14}.DevPro|Any CPU.ActiveCfg = Debug|Any CPU
		{D3BD6C09-0857-4506-A14F-BB0C3653CC14}.DevPro|Any CPU.Build.0 = Debug|Any CPU
		{D3BD6C09-0857-4506-A14F-BB0C3653CC14}.Release|Any CPU.ActiveCfg = Release|Any CPU
		{D3BD6C09-0857-4506-A14F-BB0C3653CC14}.Release|Any CPU.Build.0 = Release|Any CPU
		{43600CE6-5918-49EA-B9D8-113BF8DE0CF3}.BuilPre|Any CPU.ActiveCfg = Release|Any CPU
		{43600CE6-5918-49EA-B9D8-113BF8DE0CF3}.BuilPre|Any CPU.Build.0 = Release|Any CPU
		{43600CE6-5918-49EA-B9D8-113BF8DE0CF3}.BuilPro|Any CPU.ActiveCfg = Release|Any CPU
		{43600CE6-5918-49EA-B9D8-113BF8DE0CF3}.BuilPro|Any CPU.Build.0 = Release|Any CPU
		{43600CE6-5918-49EA-B9D8-113BF8DE0CF3}.Debug|Any CPU.ActiveCfg = Debug|Any CPU
		{43600CE6-5918-49EA-B9D8-113BF8DE0CF3}.Debug|Any CPU.Build.0 = Debug|Any CPU
		{43600CE6-5918-49EA-B9D8-113BF8DE0CF3}.DevPro|Any CPU.ActiveCfg = Debug|Any CPU
		{43600CE6-5918-49EA-B9D8-113BF8DE0CF3}.DevPro|Any CPU.Build.0 = Debug|Any CPU
		{43600CE6-5918-49EA-B9D8-113BF8DE0CF3}.Release|Any CPU.ActiveCfg = Release|Any CPU
		{43600CE6-5918-49EA-B9D8-113BF8DE0CF3}.Release|Any CPU.Build.0 = Release|Any CPU
		{AF11DEC1-1635-4C86-81B8-21303C08BD78}.BuilPre|Any CPU.ActiveCfg = Release|Any CPU
		{AF11DEC1-1635-4C86-81B8-21303C08BD78}.BuilPre|Any CPU.Build.0 = Release|Any CPU
		{AF11DEC1-1635-4C86-81B8-21303C08BD78}.BuilPro|Any CPU.ActiveCfg = Release|Any CPU
		{AF11DEC1-1635-4C86-81B8-21303C08BD78}.BuilPro|Any CPU.Build.0 = Release|Any CPU
		{AF11DEC1-1635-4C86-81B8-21303C08BD78}.Debug|Any CPU.ActiveCfg = Debug|Any CPU
		{AF11DEC1-1635-4C86-81B8-21303C08BD78}.Debug|Any CPU.Build.0 = Debug|Any CPU
		{AF11DEC1-1635-4C86-81B8-21303C08BD78}.DevPro|Any CPU.ActiveCfg = Debug|Any CPU
		{AF11DEC1-1635-4C86-81B8-21303C08BD78}.DevPro|Any CPU.Build.0 = Debug|Any CPU
		{AF11DEC1-1635-4C86-81B8-21303C08BD78}.Release|Any CPU.ActiveCfg = Release|Any CPU
		{AF11DEC1-1635-4C86-81B8-21303C08BD78}.Release|Any CPU.Build.0 = Release|Any CPU
		{49775F2B-4CEB-4DDB-B4D3-FE944BE7E8EB}.BuilPre|Any CPU.ActiveCfg = Release|Any CPU
		{49775F2B-4CEB-4DDB-B4D3-FE944BE7E8EB}.BuilPre|Any CPU.Build.0 = Release|Any CPU
		{49775F2B-4CEB-4DDB-B4D3-FE944BE7E8EB}.BuilPro|Any CPU.ActiveCfg = Release|Any CPU
		{49775F2B-4CEB-4DDB-B4D3-FE944BE7E8EB}.BuilPro|Any CPU.Build.0 = Release|Any CPU
		{49775F2B-4CEB-4DDB-B4D3-FE944BE7E8EB}.Debug|Any CPU.ActiveCfg = Debug|Any CPU
		{49775F2B-4CEB-4DDB-B4D3-FE944BE7E8EB}.Debug|Any CPU.Build.0 = Debug|Any CPU
		{49775F2B-4CEB-4DDB-B4D3-FE944BE7E8EB}.DevPro|Any CPU.ActiveCfg = Debug|Any CPU
		{49775F2B-4CEB-4DDB-B4D3-FE944BE7E8EB}.DevPro|Any CPU.Build.0 = Debug|Any CPU
		{49775F2B-4CEB-4DDB-B4D3-FE944BE7E8EB}.Release|Any CPU.ActiveCfg = Release|Any CPU
		{49775F2B-4CEB-4DDB-B4D3-FE944BE7E8EB}.Release|Any CPU.Build.0 = Release|Any CPU
		{FC93ECFF-703A-4BD0-B40C-3AB2076E8BAA}.BuilPre|Any CPU.ActiveCfg = BuilPre|Any CPU
		{FC93ECFF-703A-4BD0-B40C-3AB2076E8BAA}.BuilPre|Any CPU.Build.0 = BuilPre|Any CPU
		{FC93ECFF-703A-4BD0-B40C-3AB2076E8BAA}.BuilPro|Any CPU.ActiveCfg = BuilPro|Any CPU
		{FC93ECFF-703A-4BD0-B40C-3AB2076E8BAA}.BuilPro|Any CPU.Build.0 = BuilPro|Any CPU
		{FC93ECFF-703A-4BD0-B40C-3AB2076E8BAA}.Debug|Any CPU.ActiveCfg = Debug|Any CPU
		{FC93ECFF-703A-4BD0-B40C-3AB2076E8BAA}.Debug|Any CPU.Build.0 = Debug|Any CPU
		{FC93ECFF-703A-4BD0-B40C-3AB2076E8BAA}.DevPro|Any CPU.ActiveCfg = DevPro|Any CPU
		{FC93ECFF-703A-4BD0-B40C-3AB2076E8BAA}.DevPro|Any CPU.Build.0 = DevPro|Any CPU
		{FC93ECFF-703A-4BD0-B40C-3AB2076E8BAA}.Release|Any CPU.ActiveCfg = Release|Any CPU
		{FC93ECFF-703A-4BD0-B40C-3AB2076E8BAA}.Release|Any CPU.Build.0 = Release|Any CPU
		{F3350EC7-C8A7-4CDA-A6B3-CE850B95966C}.BuilPre|Any CPU.ActiveCfg = Release|Any CPU
		{F3350EC7-C8A7-4CDA-A6B3-CE850B95966C}.BuilPre|Any CPU.Build.0 = Release|Any CPU
		{F3350EC7-C8A7-4CDA-A6B3-CE850B95966C}.BuilPro|Any CPU.ActiveCfg = Release|Any CPU
		{F3350EC7-C8A7-4CDA-A6B3-CE850B95966C}.BuilPro|Any CPU.Build.0 = Release|Any CPU
		{F3350EC7-C8A7-4CDA-A6B3-CE850B95966C}.Debug|Any CPU.ActiveCfg = Debug|Any CPU
		{F3350EC7-C8A7-4CDA-A6B3-CE850B95966C}.Debug|Any CPU.Build.0 = Debug|Any CPU
		{F3350EC7-C8A7-4CDA-A6B3-CE850B95966C}.DevPro|Any CPU.ActiveCfg = Debug|Any CPU
		{F3350EC7-C8A7-4CDA-A6B3-CE850B95966C}.DevPro|Any CPU.Build.0 = Debug|Any CPU
		{F3350EC7-C8A7-4CDA-A6B3-CE850B95966C}.Release|Any CPU.ActiveCfg = Release|Any CPU
		{F3350EC7-C8A7-4CDA-A6B3-CE850B95966C}.Release|Any CPU.Build.0 = Release|Any CPU
		{D6DC6EB0-BDD2-43FC-8D38-85818C4D3A61}.BuilPre|Any CPU.ActiveCfg = Release|Any CPU
		{D6DC6EB0-BDD2-43FC-8D38-85818C4D3A61}.BuilPre|Any CPU.Build.0 = Release|Any CPU
		{D6DC6EB0-BDD2-43FC-8D38-85818C4D3A61}.BuilPro|Any CPU.ActiveCfg = Release|Any CPU
		{D6DC6EB0-BDD2-43FC-8D38-85818C4D3A61}.BuilPro|Any CPU.Build.0 = Release|Any CPU
		{D6DC6EB0-BDD2-43FC-8D38-85818C4D3A61}.Debug|Any CPU.ActiveCfg = Debug|Any CPU
		{D6DC6EB0-BDD2-43FC-8D38-85818C4D3A61}.Debug|Any CPU.Build.0 = Debug|Any CPU
		{D6DC6EB0-BDD2-43FC-8D38-85818C4D3A61}.DevPro|Any CPU.ActiveCfg = Debug|Any CPU
		{D6DC6EB0-BDD2-43FC-8D38-85818C4D3A61}.DevPro|Any CPU.Build.0 = Debug|Any CPU
		{D6DC6EB0-BDD2-43FC-8D38-85818C4D3A61}.Release|Any CPU.ActiveCfg = Release|Any CPU
		{D6DC6EB0-BDD2-43FC-8D38-85818C4D3A61}.Release|Any CPU.Build.0 = Release|Any CPU
		{05F29EF5-570E-4948-9472-19930B390B64}.BuilPre|Any CPU.ActiveCfg = Release|Any CPU
		{05F29EF5-570E-4948-9472-19930B390B64}.BuilPre|Any CPU.Build.0 = Release|Any CPU
		{05F29EF5-570E-4948-9472-19930B390B64}.BuilPro|Any CPU.ActiveCfg = Release|Any CPU
		{05F29EF5-570E-4948-9472-19930B390B64}.BuilPro|Any CPU.Build.0 = Release|Any CPU
		{05F29EF5-570E-4948-9472-19930B390B64}.Debug|Any CPU.ActiveCfg = Debug|Any CPU
		{05F29EF5-570E-4948-9472-19930B390B64}.Debug|Any CPU.Build.0 = Debug|Any CPU
		{05F29EF5-570E-4948-9472-19930B390B64}.DevPro|Any CPU.ActiveCfg = Debug|Any CPU
		{05F29EF5-570E-4948-9472-19930B390B64}.DevPro|Any CPU.Build.0 = Debug|Any CPU
		{05F29EF5-570E-4948-9472-19930B390B64}.Release|Any CPU.ActiveCfg = Release|Any CPU
		{05F29EF5-570E-4948-9472-19930B390B64}.Release|Any CPU.Build.0 = Release|Any CPU
	EndGlobalSection
	GlobalSection(SolutionProperties) = preSolution
		HideSolutionNode = FALSE
	EndGlobalSection
	GlobalSection(NestedProjects) = preSolution
		{C76DBCC6-654E-4F04-8C5D-15285003BAF2} = {BF324B56-D46F-4488-ADEB-B2A2ECA104C5}
		{58D5E967-C8BB-4CAD-841E-C5DFCC55BD63} = {BF324B56-D46F-4488-ADEB-B2A2ECA104C5}
		{7932DF8B-37B5-418A-9539-7C15A863FE41} = {BF324B56-D46F-4488-ADEB-B2A2ECA104C5}
		{FC93ECFF-703A-4BD0-B40C-3AB2076E8BAA} = {BF324B56-D46F-4488-ADEB-B2A2ECA104C5}
		{F3350EC7-C8A7-4CDA-A6B3-CE850B95966C} = {BF324B56-D46F-4488-ADEB-B2A2ECA104C5}
		{D6DC6EB0-BDD2-43FC-8D38-85818C4D3A61} = {BF324B56-D46F-4488-ADEB-B2A2ECA104C5}
		{05F29EF5-570E-4948-9472-19930B390B64} = {BF324B56-D46F-4488-ADEB-B2A2ECA104C5}
		{ABF96C6A-E52D-4E85-86DF-25A41D13AD00} = {A3DB8FEE-6A30-4011-808B-C83EB7CA05E2}
		{A2706A11-E214-43ED-A4B0-AD353DA2FEEB} = {A3DB8FEE-6A30-4011-808B-C83EB7CA05E2}
		{0D756381-BCCF-497C-9EC2-A4EE02B860BA} = {A3DB8FEE-6A30-4011-808B-C83EB7CA05E2}
		{49775F2B-4CEB-4DDB-B4D3-FE944BE7E8EB} = {A3DB8FEE-6A30-4011-808B-C83EB7CA05E2}
		{9B163A16-287E-47DF-ADD0-4EE90B15C8F7} = {7200E2FA-9697-49CA-9194-83DAE740E987}
		{2ED422A3-C20E-4C2B-AFAA-6C83B68F5D8B} = {56BDE3EC-5D89-454B-AC40-C7FF10E1DEF4}
		{D3BD6C09-0857-4506-A14F-BB0C3653CC14} = {9691CDB2-4C97-47E1-A268-A6A21347C693}
		{43600CE6-5918-49EA-B9D8-113BF8DE0CF3} = {9691CDB2-4C97-47E1-A268-A6A21347C693}
		{AF11DEC1-1635-4C86-81B8-21303C08BD78} = {9691CDB2-4C97-47E1-A268-A6A21347C693}
	EndGlobalSection
	GlobalSection(ExtensibilityGlobals) = postSolution
		EnterpriseLibraryConfigurationToolBinariesPath = packages\Unity.2.1.505.2\lib\NET35
	EndGlobalSection
EndGlobal
